{
  "name": "markdown-translator",
  "version": "1.0.0",
  "lockfileVersion": 1,
  "requires": true,
  "dependencies": {
    "@types/node": {
      "version": "11.9.4",
      "resolved": "http://registry.npm.taobao.org/@types/node/download/@types/node-11.9.4.tgz",
      "integrity": "sha1-zrAEilRttFP2JI8tHZXpN6bwChQ="
    },
    "@types/unist": {
      "version": "2.0.3",
      "resolved": "http://registry.npm.taobao.org/@types/unist/download/@types/unist-2.0.3.tgz",
      "integrity": "sha1-nAiGeYdvN061mD8VDUeHqm+zLX4="
    },
    "@types/vfile": {
      "version": "3.0.2",
      "resolved": "http://registry.npm.taobao.org/@types/vfile/download/@types/vfile-3.0.2.tgz",
      "integrity": "sha1-GcGM0jLfEc5vpq2AJZvIbDZrCbk=",
      "requires": {
        "@types/node": "*",
        "@types/unist": "*",
        "@types/vfile-message": "*"
      }
    },
    "@types/vfile-message": {
      "version": "1.0.1",
      "resolved": "http://registry.npm.taobao.org/@types/vfile-message/download/@types/vfile-message-1.0.1.tgz",
      "integrity": "sha1-4emJXMazbEYtQkTmTm0Lbq9lNVo=",
      "requires": {
        "@types/node": "*",
        "@types/unist": "*"
      }
    },
    "ajv": {
      "version": "6.9.1",
      "resolved": "http://registry.npm.taobao.org/ajv/download/ajv-6.9.1.tgz",
      "integrity": "sha1-pNNoPXSrxWcOdfCxZSD3CiDqjcE=",
      "requires": {
        "fast-deep-equal": "^2.0.1",
        "fast-json-stable-stringify": "^2.0.0",
        "json-schema-traverse": "^0.4.1",
        "uri-js": "^4.2.2"
      }
    },
    "asn1": {
      "version": "0.2.4",
      "resolved": "http://registry.npm.taobao.org/asn1/download/asn1-0.2.4.tgz",
      "integrity": "sha1-jSR136tVO7M+d7VOWeiAu4ziMTY=",
      "requires": {
        "safer-buffer": "~2.1.0"
      }
    },
    "assert-plus": {
      "version": "1.0.0",
      "resolved": "http://registry.npm.taobao.org/assert-plus/download/assert-plus-1.0.0.tgz",
      "integrity": "sha1-8S4PPF13sLHN2RRpQuTpbB5N1SU="
    },
    "asynckit": {
      "version": "0.4.0",
      "resolved": "http://registry.npm.taobao.org/asynckit/download/asynckit-0.4.0.tgz",
      "integrity": "sha1-x57Zf380y48robyXkLzDZkdLS3k="
    },
    "aws-sign2": {
      "version": "0.7.0",
      "resolved": "http://registry.npm.taobao.org/aws-sign2/download/aws-sign2-0.7.0.tgz",
      "integrity": "sha1-tG6JCTSpWR8tL2+G1+ap8bP+dqg="
    },
    "aws4": {
      "version": "1.8.0",
      "resolved": "http://registry.npm.taobao.org/aws4/download/aws4-1.8.0.tgz",
      "integrity": "sha1-8OAD2cqef1nHpQiUXXsu+aBKVC8="
    },
    "bail": {
      "version": "1.0.3",
      "resolved": "http://registry.npm.taobao.org/bail/download/bail-1.0.3.tgz",
      "integrity": "sha1-Y8+53brIKbAqMSjNUyJL545sIaM="
    },
    "bcrypt-pbkdf": {
      "version": "1.0.2",
      "resolved": "http://registry.npm.taobao.org/bcrypt-pbkdf/download/bcrypt-pbkdf-1.0.2.tgz",
      "integrity": "sha1-pDAdOJtqQ/m2f/PKEaP2Y342Dp4=",
      "requires": {
        "tweetnacl": "^0.14.3"
      }
    },
    "caseless": {
      "version": "0.12.0",
      "resolved": "http://registry.npm.taobao.org/caseless/download/caseless-0.12.0.tgz",
      "integrity": "sha1-G2gcIf+EAzyCZUMJBolCDRhxUdw="
    },
    "ccount": {
      "version": "1.0.3",
      "resolved": "http://registry.npm.taobao.org/ccount/download/ccount-1.0.3.tgz",
      "integrity": "sha1-8c7EPzMuLqWlaf1G+fW95OYQKv8="
    },
    "character-entities": {
      "version": "1.2.2",
      "resolved": "http://registry.npm.taobao.org/character-entities/download/character-entities-1.2.2.tgz",
      "integrity": "sha1-WMjzccB3TvC6myrKXwDY8QDm42M="
    },
    "character-entities-html4": {
      "version": "1.1.2",
      "resolved": "http://registry.npm.taobao.org/character-entities-html4/download/character-entities-html4-1.1.2.tgz",
      "integrity": "sha1-xE/d485mtS6NMh1sG/RhAfAVBhA="
    },
    "character-entities-legacy": {
      "version": "1.1.2",
      "resolved": "http://registry.npm.taobao.org/character-entities-legacy/download/character-entities-legacy-1.1.2.tgz",
      "integrity": "sha1-fG3vuBZISYIiyYVTCZU9BfTWOpw="
    },
    "character-reference-invalid": {
      "version": "1.1.2",
      "resolved": "http://registry.npm.taobao.org/character-reference-invalid/download/character-reference-invalid-1.1.2.tgz",
      "integrity": "sha1-IeQhrT2EBVlS2rSkOgTnPNQl0+0="
    },
    "collapse-white-space": {
      "version": "1.0.4",
      "resolved": "http://registry.npm.taobao.org/collapse-white-space/download/collapse-white-space-1.0.4.tgz",
      "integrity": "sha1-zgXPSeVMMneuVzA2omhRukMKAJE="
    },
    "combined-stream": {
      "version": "1.0.7",
      "resolved": "http://registry.npm.taobao.org/combined-stream/download/combined-stream-1.0.7.tgz",
      "integrity": "sha1-LR0kMXr7ir6V1tLAsHtXgTU52Cg=",
      "requires": {
        "delayed-stream": "~1.0.0"
      }
    },
    "commander": {
      "version": "2.19.0",
      "resolved": "http://registry.npm.taobao.org/commander/download/commander-2.19.0.tgz",
      "integrity": "sha1-9hmKqE5bg8RgVLlN3tv+1e6f8So="
    },
    "core-util-is": {
      "version": "1.0.2",
      "resolved": "http://registry.npm.taobao.org/core-util-is/download/core-util-is-1.0.2.tgz",
      "integrity": "sha1-tf1UIgqivFq1eqtxQMlAdUUDwac="
    },
    "dashdash": {
      "version": "1.14.1",
      "resolved": "http://registry.npm.taobao.org/dashdash/download/dashdash-1.14.1.tgz",
      "integrity": "sha1-hTz6D3y+L+1d4gMmuN1YEDX24vA=",
      "requires": {
        "assert-plus": "^1.0.0"
      }
    },
    "delayed-stream": {
      "version": "1.0.0",
      "resolved": "http://registry.npm.taobao.org/delayed-stream/download/delayed-stream-1.0.0.tgz",
      "integrity": "sha1-3zrhmayt+31ECqrgsp4icrJOxhk="
    },
    "ecc-jsbn": {
      "version": "0.1.2",
      "resolved": "http://registry.npm.taobao.org/ecc-jsbn/download/ecc-jsbn-0.1.2.tgz",
      "integrity": "sha1-OoOpBOVDUyh4dMVkt1SThoSamMk=",
      "requires": {
        "jsbn": "~0.1.0",
        "safer-buffer": "^2.1.0"
      }
    },
    "extend": {
      "version": "3.0.2",
      "resolved": "http://registry.npm.taobao.org/extend/download/extend-3.0.2.tgz",
      "integrity": "sha1-+LETa0Bx+9jrFAr/hYsQGewpFfo="
    },
    "extsprintf": {
      "version": "1.3.0",
      "resolved": "http://registry.npm.taobao.org/extsprintf/download/extsprintf-1.3.0.tgz",
      "integrity": "sha1-lpGEQOMEGnpBT4xS48V06zw+HgU="
    },
    "fast-deep-equal": {
      "version": "2.0.1",
      "resolved": "http://registry.npm.taobao.org/fast-deep-equal/download/fast-deep-equal-2.0.1.tgz",
      "integrity": "sha1-ewUhjd+WZ79/Nwv3/bLLFf3Qqkk="
    },
    "fast-json-stable-stringify": {
      "version": "2.0.0",
      "resolved": "http://registry.npm.taobao.org/fast-json-stable-stringify/download/fast-json-stable-stringify-2.0.0.tgz",
      "integrity": "sha1-1RQsDK7msRifh9OnYREGT4bIu/I="
    },
    "forever-agent": {
      "version": "0.6.1",
      "resolved": "http://registry.npm.taobao.org/forever-agent/download/forever-agent-0.6.1.tgz",
      "integrity": "sha1-+8cfDEGt6zf5bFd60e1C2P2sypE="
    },
    "form-data": {
      "version": "2.3.3",
      "resolved": "http://registry.npm.taobao.org/form-data/download/form-data-2.3.3.tgz",
      "integrity": "sha1-3M5SwF9kTymManq5Nr1yTO/786Y=",
      "requires": {
        "asynckit": "^0.4.0",
        "combined-stream": "^1.0.6",
        "mime-types": "^2.1.12"
      }
    },
    "getpass": {
      "version": "0.1.7",
      "resolved": "http://registry.npm.taobao.org/getpass/download/getpass-0.1.7.tgz",
      "integrity": "sha1-Xv+OPmhNVprkyysSgmBOi6YhSfo=",
      "requires": {
        "assert-plus": "^1.0.0"
      }
    },
    "har-schema": {
      "version": "2.0.0",
      "resolved": "http://registry.npm.taobao.org/har-schema/download/har-schema-2.0.0.tgz",
      "integrity": "sha1-qUwiJOvKwEeCoNkDVSHyRzW37JI="
    },
    "har-validator": {
      "version": "5.1.3",
      "resolved": "http://registry.npm.taobao.org/har-validator/download/har-validator-5.1.3.tgz",
      "integrity": "sha1-HvievT5JllV2de7ZiTEQ3DUPoIA=",
      "requires": {
        "ajv": "^6.5.5",
        "har-schema": "^2.0.0"
      }
    },
    "http-signature": {
      "version": "1.2.0",
      "resolved": "http://registry.npm.taobao.org/http-signature/download/http-signature-1.2.0.tgz",
      "integrity": "sha1-muzZJRFHcvPZW2WmCruPfBj7rOE=",
      "requires": {
        "assert-plus": "^1.0.0",
        "jsprim": "^1.2.2",
        "sshpk": "^1.7.0"
      }
    },
    "inherits": {
      "version": "2.0.3",
      "resolved": "http://registry.npm.taobao.org/inherits/download/inherits-2.0.3.tgz",
      "integrity": "sha1-Yzwsg+PaQqUC9SRmAiSA9CCCYd4="
    },
    "is-alphabetical": {
      "version": "1.0.2",
      "resolved": "http://registry.npm.taobao.org/is-alphabetical/download/is-alphabetical-1.0.2.tgz",
      "integrity": "sha1-H6bkkhPLeIW3XRWGL7Pz2WyIT0E="
    },
    "is-alphanumeric": {
      "version": "1.0.0",
      "resolved": "http://registry.npm.taobao.org/is-alphanumeric/download/is-alphanumeric-1.0.0.tgz",
      "integrity": "sha1-Spzvcdr0wAHB2B1j0UDPU/1oifQ="
    },
    "is-alphanumerical": {
      "version": "1.0.2",
      "resolved": "http://registry.npm.taobao.org/is-alphanumerical/download/is-alphanumerical-1.0.2.tgz",
      "integrity": "sha1-ETjprlBAFY3G/3a4IKzWt6GB/UA=",
      "requires": {
        "is-alphabetical": "^1.0.0",
        "is-decimal": "^1.0.0"
      }
    },
    "is-buffer": {
      "version": "2.0.3",
      "resolved": "http://registry.npm.taobao.org/is-buffer/download/is-buffer-2.0.3.tgz",
      "integrity": "sha1-Ts8/z3ScvR5HJonhCaxmJhol5yU="
    },
    "is-decimal": {
      "version": "1.0.2",
      "resolved": "http://registry.npm.taobao.org/is-decimal/download/is-decimal-1.0.2.tgz",
      "integrity": "sha1-iUZi1qhwnTB/OidspDOcj6Xf8P8="
    },
    "is-hexadecimal": {
      "version": "1.0.2",
      "resolved": "http://registry.npm.taobao.org/is-hexadecimal/download/is-hexadecimal-1.0.2.tgz",
      "integrity": "sha1-tucQ19B7tmuYy4zs5cm0kh3uuDU="
    },
    "is-plain-obj": {
      "version": "1.1.0",
      "resolved": "http://registry.npm.taobao.org/is-plain-obj/download/is-plain-obj-1.1.0.tgz",
      "integrity": "sha1-caUMhCnfync8kqOQpKA7OfzVHT4="
    },
    "is-typedarray": {
      "version": "1.0.0",
      "resolved": "http://registry.npm.taobao.org/is-typedarray/download/is-typedarray-1.0.0.tgz",
      "integrity": "sha1-5HnICFjfDBsR3dppQPlgEfzaSpo="
    },
    "is-whitespace-character": {
      "version": "1.0.2",
      "resolved": "http://registry.npm.taobao.org/is-whitespace-character/download/is-whitespace-character-1.0.2.tgz",
      "integrity": "sha1-7eU7TG9vs4dFM3UeySgNAZKNA+0="
    },
    "is-word-character": {
      "version": "1.0.2",
      "resolved": "http://registry.npm.taobao.org/is-word-character/download/is-word-character-1.0.2.tgz",
      "integrity": "sha1-RqXaw/KhhAiYuR5XbNQNST865VM="
    },
    "isstream": {
      "version": "0.1.2",
      "resolved": "http://registry.npm.taobao.org/isstream/download/isstream-0.1.2.tgz",
      "integrity": "sha1-R+Y/evVa+m+S4VAOaQ64uFKcCZo="
    },
    "jsbn": {
      "version": "0.1.1",
      "resolved": "http://registry.npm.taobao.org/jsbn/download/jsbn-0.1.1.tgz",
      "integrity": "sha1-peZUwuWi3rXyAdls77yoDA7y9RM="
    },
    "json-schema": {
      "version": "0.2.3",
      "resolved": "http://registry.npm.taobao.org/json-schema/download/json-schema-0.2.3.tgz",
      "integrity": "sha1-tIDIkuWaLwWVTOcnvT8qTogvnhM="
    },
    "json-schema-traverse": {
      "version": "0.4.1",
      "resolved": "http://registry.npm.taobao.org/json-schema-traverse/download/json-schema-traverse-0.4.1.tgz",
      "integrity": "sha1-afaofZUTq4u4/mO9sJecRI5oRmA="
    },
    "json-stringify-safe": {
      "version": "5.0.1",
      "resolved": "http://registry.npm.taobao.org/json-stringify-safe/download/json-stringify-safe-5.0.1.tgz",
      "integrity": "sha1-Epai1Y/UXxmg9s4B1lcB4sc1tus="
    },
    "jsprim": {
      "version": "1.4.1",
      "resolved": "http://registry.npm.taobao.org/jsprim/download/jsprim-1.4.1.tgz",
      "integrity": "sha1-MT5mvB5cwG5Di8G3SZwuXFastqI=",
      "requires": {
        "assert-plus": "1.0.0",
        "extsprintf": "1.3.0",
        "json-schema": "0.2.3",
        "verror": "1.10.0"
      }
    },
    "lodash.chunk": {
      "version": "4.2.0",
      "resolved": "http://registry.npm.taobao.org/lodash.chunk/download/lodash.chunk-4.2.0.tgz",
      "integrity": "sha1-ZuXOH3btJ7QwPYxlEujRIW6BBrw="
    },
    "lodash.flatten": {
      "version": "4.4.0",
      "resolved": "http://registry.npm.taobao.org/lodash.flatten/download/lodash.flatten-4.4.0.tgz",
      "integrity": "sha1-8xwiIlqWMtK7+OSt2+8kCqdlph8="
    },
    "lodash.merge": {
      "version": "4.6.1",
      "resolved": "http://registry.npm.taobao.org/lodash.merge/download/lodash.merge-4.6.1.tgz",
      "integrity": "sha1-rcJdnLmbk5HFliTzefu6YNcRHVQ="
    },
    "longest-streak": {
      "version": "2.0.2",
      "resolved": "http://registry.npm.taobao.org/longest-streak/download/longest-streak-2.0.2.tgz",
      "integrity": "sha1-JCG2upOaRDu5/+v1llhaULTDji4="
    },
    "markdown-escapes": {
      "version": "1.0.2",
      "resolved": "http://registry.npm.taobao.org/markdown-escapes/download/markdown-escapes-1.0.2.tgz",
      "integrity": "sha1-5jnL3nuZyEHAusyKB5goc7RtISI="
    },
    "markdown-table": {
      "version": "1.1.2",
      "resolved": "http://registry.npm.taobao.org/markdown-table/download/markdown-table-1.1.2.tgz",
      "integrity": "sha1-x425SPqHmQOkG85SLjuW+AHGN4Y="
    },
    "mdast-util-compact": {
      "version": "1.0.2",
      "resolved": "http://registry.npm.taobao.org/mdast-util-compact/download/mdast-util-compact-1.0.2.tgz",
      "integrity": "sha1-wS6+Fv/8hFc9Phl2dybeIm6V9kk=",
      "requires": {
        "unist-util-visit": "^1.1.0"
      }
    },
    "mime-db": {
      "version": "1.37.0",
      "resolved": "http://registry.npm.taobao.org/mime-db/download/mime-db-1.37.0.tgz",
      "integrity": "sha1-C2oM5v2+lXbiXx8tL96IMNwK0Ng="
    },
    "mime-types": {
      "version": "2.1.21",
      "resolved": "http://registry.npm.taobao.org/mime-types/download/mime-types-2.1.21.tgz",
      "integrity": "sha1-KJlaoey3cHQv5q5+WPkYHHRLP5Y=",
      "requires": {
        "mime-db": "~1.37.0"
      }
    },
    "oauth-sign": {
      "version": "0.9.0",
      "resolved": "http://registry.npm.taobao.org/oauth-sign/download/oauth-sign-0.9.0.tgz",
      "integrity": "sha1-R6ewFrqmi1+g7PPe4IqFxnmsZFU="
    },
    "once": {
      "version": "1.4.0",
      "resolved": "http://registry.npm.taobao.org/once/download/once-1.4.0.tgz",
      "integrity": "sha1-WDsap3WWHUsROsF9nFC6753Xa9E=",
      "requires": {
        "wrappy": "1"
      }
    },
    "parse-entities": {
      "version": "1.2.0",
      "resolved": "http://registry.npm.taobao.org/parse-entities/download/parse-entities-1.2.0.tgz",
      "integrity": "sha1-nerAh2YbLjaBQVPLeNflSkxf1vQ=",
      "requires": {
        "character-entities": "^1.0.0",
        "character-entities-legacy": "^1.0.0",
        "character-reference-invalid": "^1.0.0",
        "is-alphanumerical": "^1.0.0",
        "is-decimal": "^1.0.0",
        "is-hexadecimal": "^1.0.0"
      }
    },
    "performance-now": {
      "version": "2.1.0",
      "resolved": "http://registry.npm.taobao.org/performance-now/download/performance-now-2.1.0.tgz",
      "integrity": "sha1-Ywn04OX6kT7BxpMHrjZLSzd8nns="
    },
    "psl": {
      "version": "1.1.31",
      "resolved": "http://registry.npm.taobao.org/psl/download/psl-1.1.31.tgz",
      "integrity": "sha1-6aqG0BAbWxBcvpOsa3hM1UcnYYQ="
    },
    "punycode": {
      "version": "2.1.1",
      "resolved": "http://registry.npm.taobao.org/punycode/download/punycode-2.1.1.tgz",
      "integrity": "sha1-tYsBCsQMIsVldhbI0sLALHv0eew="
    },
    "qs": {
      "version": "6.5.2",
      "resolved": "http://registry.npm.taobao.org/qs/download/qs-6.5.2.tgz",
      "integrity": "sha1-yzroBuh0BERYTvFUzo7pjUA/PjY="
    },
    "remark": {
      "version": "10.0.1",
      "resolved": "http://registry.npm.taobao.org/remark/download/remark-10.0.1.tgz",
      "integrity": "sha1-MFgHbcQXgb9QXYl4wpFIX+R2Z98=",
      "requires": {
        "remark-parse": "^6.0.0",
        "remark-stringify": "^6.0.0",
        "unified": "^7.0.0"
      }
    },
    "remark-parse": {
      "version": "6.0.3",
      "resolved": "http://registry.npm.taobao.org/remark-parse/download/remark-parse-6.0.3.tgz",
      "integrity": "sha1-yZExBSgJ2kghCEE/h7Duf1IYCjo=",
      "requires": {
        "collapse-white-space": "^1.0.2",
        "is-alphabetical": "^1.0.0",
        "is-decimal": "^1.0.0",
        "is-whitespace-character": "^1.0.0",
        "is-word-character": "^1.0.0",
        "markdown-escapes": "^1.0.0",
        "parse-entities": "^1.1.0",
        "repeat-string": "^1.5.4",
        "state-toggle": "^1.0.0",
        "trim": "0.0.1",
        "trim-trailing-lines": "^1.0.0",
        "unherit": "^1.0.4",
        "unist-util-remove-position": "^1.0.0",
        "vfile-location": "^2.0.0",
        "xtend": "^4.0.1"
      }
    },
    "remark-stringify": {
      "version": "6.0.4",
      "resolved": "http://registry.npm.taobao.org/remark-stringify/download/remark-stringify-6.0.4.tgz",
      "integrity": "sha1-FqwinU0VkySQGGY8e93yiq/E4Ig=",
      "requires": {
        "ccount": "^1.0.0",
        "is-alphanumeric": "^1.0.0",
        "is-decimal": "^1.0.0",
        "is-whitespace-character": "^1.0.0",
        "longest-streak": "^2.0.1",
        "markdown-escapes": "^1.0.0",
        "markdown-table": "^1.1.0",
        "mdast-util-compact": "^1.0.0",
        "parse-entities": "^1.0.2",
        "repeat-string": "^1.5.4",
        "state-toggle": "^1.0.0",
        "stringify-entities": "^1.0.1",
        "unherit": "^1.0.4",
        "xtend": "^4.0.1"
      }
    },
    "repeat-string": {
      "version": "1.6.1",
      "resolved": "http://registry.npm.taobao.org/repeat-string/download/repeat-string-1.6.1.tgz",
      "integrity": "sha1-jcrkcOHIirwtYA//Sndihtp15jc="
    },
    "replace-ext": {
      "version": "1.0.0",
      "resolved": "http://registry.npm.taobao.org/replace-ext/download/replace-ext-1.0.0.tgz",
      "integrity": "sha1-3mMSg3P8v3w8z6TeWkgMRaZ5WOs="
    },
    "request": {
      "version": "2.88.0",
      "resolved": "http://registry.npm.taobao.org/request/download/request-2.88.0.tgz",
      "integrity": "sha1-nC/KT301tZLv5Xx/ClXoEFIST+8=",
      "requires": {
        "aws-sign2": "~0.7.0",
        "aws4": "^1.8.0",
        "caseless": "~0.12.0",
        "combined-stream": "~1.0.6",
        "extend": "~3.0.2",
        "forever-agent": "~0.6.1",
        "form-data": "~2.3.2",
        "har-validator": "~5.1.0",
        "http-signature": "~1.2.0",
        "is-typedarray": "~1.0.0",
        "isstream": "~0.1.2",
        "json-stringify-safe": "~5.0.1",
        "mime-types": "~2.1.19",
        "oauth-sign": "~0.9.0",
        "performance-now": "^2.1.0",
        "qs": "~6.5.2",
        "safe-buffer": "^5.1.2",
        "tough-cookie": "~2.4.3",
        "tunnel-agent": "^0.6.0",
        "uuid": "^3.3.2"
      }
    },
    "safe-buffer": {
      "version": "5.1.2",
      "resolved": "http://registry.npm.taobao.org/safe-buffer/download/safe-buffer-5.1.2.tgz",
      "integrity": "sha1-mR7GnSluAxN0fVm9/St0XDX4go0="
    },
    "safer-buffer": {
      "version": "2.1.2",
      "resolved": "http://registry.npm.taobao.org/safer-buffer/download/safer-buffer-2.1.2.tgz",
      "integrity": "sha1-RPoWGwGHuVSd2Eu5GAL5vYOFzWo="
    },
    "sshpk": {
      "version": "1.16.1",
      "resolved": "http://registry.npm.taobao.org/sshpk/download/sshpk-1.16.1.tgz",
      "integrity": "sha1-+2YcC+8ps520B2nuOfpwCT1vaHc=",
      "requires": {
        "asn1": "~0.2.3",
        "assert-plus": "^1.0.0",
        "bcrypt-pbkdf": "^1.0.0",
        "dashdash": "^1.12.0",
        "ecc-jsbn": "~0.1.1",
        "getpass": "^0.1.1",
        "jsbn": "~0.1.0",
        "safer-buffer": "^2.0.2",
        "tweetnacl": "~0.14.0"
      }
    },
    "state-toggle": {
      "version": "1.0.1",
      "resolved": "http://registry.npm.taobao.org/state-toggle/download/state-toggle-1.0.1.tgz",
      "integrity": "sha1-w8sJdPQKag+OkFuWeJ60Gvoc3jo="
    },
    "stringify-entities": {
      "version": "1.3.2",
      "resolved": "http://registry.npm.taobao.org/stringify-entities/download/stringify-entities-1.3.2.tgz",
      "integrity": "sha1-qYQX5Ucf0iez5F09sYYcEcr2aPc=",
      "requires": {
        "character-entities-html4": "^1.0.0",
        "character-entities-legacy": "^1.0.0",
        "is-alphanumerical": "^1.0.0",
        "is-hexadecimal": "^1.0.0"
      }
    },
    "tough-cookie": {
      "version": "2.4.3",
      "resolved": "http://registry.npm.taobao.org/tough-cookie/download/tough-cookie-2.4.3.tgz",
      "integrity": "sha1-U/Nto/R3g7CSWvoG/587FlKA94E=",
      "requires": {
        "psl": "^1.1.24",
        "punycode": "^1.4.1"
      },
      "dependencies": {
        "punycode": {
          "version": "1.4.1",
          "resolved": "http://registry.npm.taobao.org/punycode/download/punycode-1.4.1.tgz",
          "integrity": "sha1-wNWmOycYgArY4esPpSachN1BhF4="
        }
      }
    },
    "trim": {
      "version": "0.0.1",
      "resolved": "http://registry.npm.taobao.org/trim/download/trim-0.0.1.tgz",
      "integrity": "sha1-WFhUf2spB1fulczMZm+1AITEYN0="
    },
    "trim-trailing-lines": {
      "version": "1.1.1",
      "resolved": "http://registry.npm.taobao.org/trim-trailing-lines/download/trim-trailing-lines-1.1.1.tgz",
      "integrity": "sha1-4OwIEP08PxcwUWtF9JCDyq8ndNk="
    },
    "trough": {
      "version": "1.0.3",
      "resolved": "http://registry.npm.taobao.org/trough/download/trough-1.0.3.tgz",
      "integrity": "sha1-4pvRYUxkWNRIafwoslWreFfvfCQ="
    },
    "tunnel-agent": {
      "version": "0.6.0",
      "resolved": "http://registry.npm.taobao.org/tunnel-agent/download/tunnel-agent-0.6.0.tgz",
      "integrity": "sha1-J6XeoGs2sEoKmWZ3SykIaPD8QP0=",
      "requires": {
        "safe-buffer": "^5.0.1"
      }
    },
    "tweetnacl": {
      "version": "0.14.5",
      "resolved": "http://registry.npm.taobao.org/tweetnacl/download/tweetnacl-0.14.5.tgz",
      "integrity": "sha1-WuaBd/GS1EViadEIr6k/+HQ/T2Q="
    },
    "unherit": {
      "version": "1.1.1",
      "resolved": "http://registry.npm.taobao.org/unherit/download/unherit-1.1.1.tgz",
      "integrity": "sha1-EydI2j6I6rdn4I+r+7icXp0oYow=",
      "requires": {
        "inherits": "^2.0.1",
        "xtend": "^4.0.1"
      }
    },
    "unified": {
      "version": "7.1.0",
      "resolved": "http://registry.npm.taobao.org/unified/download/unified-7.1.0.tgz",
      "integrity": "sha1-UDLxwe4zZL0J2hLif91KdVPHvhM=",
      "requires": {
        "@types/unist": "^2.0.0",
        "@types/vfile": "^3.0.0",
        "bail": "^1.0.0",
        "extend": "^3.0.0",
        "is-plain-obj": "^1.1.0",
        "trough": "^1.0.0",
        "vfile": "^3.0.0",
        "x-is-string": "^0.1.0"
      }
    },
    "unified-stream": {
      "version": "1.0.4",
      "resolved": "http://registry.npm.taobao.org/unified-stream/download/unified-stream-1.0.4.tgz",
      "integrity": "sha1-8L7/4ajX8/l3LlSYKOWmvXR0urM=",
      "requires": {
        "once": "^1.4.0"
      }
    },
    "unist-util-is": {
      "version": "2.1.2",
      "resolved": "http://registry.npm.taobao.org/unist-util-is/download/unist-util-is-2.1.2.tgz",
      "integrity": "sha1-EZP6jyv7u4IVBjPzqNLrmhwdVds="
    },
    "unist-util-remove-position": {
      "version": "1.1.2",
      "resolved": "http://registry.npm.taobao.org/unist-util-remove-position/download/unist-util-remove-position-1.1.2.tgz",
      "integrity": "sha1-hrXa0QTQu/vrHbX1yS81cFdcEss=",
      "requires": {
        "unist-util-visit": "^1.1.0"
      }
    },
    "unist-util-stringify-position": {
      "version": "1.1.2",
      "resolved": "http://registry.npm.taobao.org/unist-util-stringify-position/download/unist-util-stringify-position-1.1.2.tgz",
      "integrity": "sha1-Pzf881EnncvKdICrWIm7ioMu4cY="
    },
    "unist-util-visit": {
      "version": "1.4.0",
      "resolved": "http://registry.npm.taobao.org/unist-util-visit/download/unist-util-visit-1.4.0.tgz",
      "integrity": "sha1-HLdjZHGG3Cb14d9dtr0eSLPML7E=",
      "requires": {
        "unist-util-visit-parents": "^2.0.0"
      }
    },
    "unist-util-visit-parents": {
      "version": "2.0.1",
      "resolved": "http://registry.npm.taobao.org/unist-util-visit-parents/download/unist-util-visit-parents-2.0.1.tgz",
      "integrity": "sha1-Y//8iSkCe+4Ev+99LM5HT3HLYhc=",
      "requires": {
        "unist-util-is": "^2.1.2"
      }
    },
    "uri-js": {
      "version": "4.2.2",
      "resolved": "http://registry.npm.taobao.org/uri-js/download/uri-js-4.2.2.tgz",
      "integrity": "sha1-lMVA4f93KVbiKZUHwBCupsiDjrA=",
      "requires": {
        "punycode": "^2.1.0"
      }
    },
    "uuid": {
      "version": "3.3.2",
      "resolved": "http://registry.npm.taobao.org/uuid/download/uuid-3.3.2.tgz",
      "integrity": "sha1-G0r0lV6zB3xQHCOHL8ZROBFYcTE="
    },
    "verror": {
      "version": "1.10.0",
      "resolved": "http://registry.npm.taobao.org/verror/download/verror-1.10.0.tgz",
      "integrity": "sha1-OhBcoXBTr1XW4nDB+CiGguGNpAA=",
      "requires": {
        "assert-plus": "^1.0.0",
        "core-util-is": "1.0.2",
        "extsprintf": "^1.2.0"
      }
    },
    "vfile": {
      "version": "3.0.1",
      "resolved": "http://registry.npm.taobao.org/vfile/download/vfile-3.0.1.tgz",
      "integrity": "sha1-RzMdKr4ygkJPSku2rNIKRMQSGAM=",
      "requires": {
        "is-buffer": "^2.0.0",
        "replace-ext": "1.0.0",
        "unist-util-stringify-position": "^1.0.0",
        "vfile-message": "^1.0.0"
      }
    },
    "vfile-location": {
      "version": "2.0.4",
      "resolved": "http://registry.npm.taobao.org/vfile-location/download/vfile-location-2.0.4.tgz",
      "integrity": "sha1-Kl5yl90Nni2kOBRk0ErMa4NNPlU="
    },
    "vfile-message": {
      "version": "1.1.1",
      "resolved": "http://registry.npm.taobao.org/vfile-message/download/vfile-message-1.1.1.tgz",
      "integrity": "sha1-WDOuB4od+i2W6WR4hs0ymTqzE+E=",
      "requires": {
        "unist-util-stringify-position": "^1.1.1"
      }
    },
    "wrappy": {
      "version": "1.0.2",
      "resolved": "http://registry.npm.taobao.org/wrappy/download/wrappy-1.0.2.tgz",
      "integrity": "sha1-tSQ9jz7BqjXxNkYFvA0QNuMKtp8="
    },
    "x-is-string": {
      "version": "0.1.0",
      "resolved": "http://registry.npm.taobao.org/x-is-string/download/x-is-string-0.1.0.tgz",
      "integrity": "sha1-R0tQhlrzpJqcRlfwWs0UVFj3fYI="
    },
    "xtend": {
      "version": "4.0.1",
      "resolved": "http://registry.npm.taobao.org/xtend/download/xtend-4.0.1.tgz",
      "integrity": "sha1-pcbVMr5lbiPbgg77lDofBJmNY68="
    }
  }
}
